
Microsoft Visual Studio Solution File, Format Version 12.00
# Visual Studio Version 17
VisualStudioVersion = 17.11.35327.3
MinimumVisualStudioVersion = 10.0.40219.1
Project("{9A19103F-16F7-4668-BE54-9A1E7A4F7556}") = "Bokify.Web", "Bokify.Web\Bokify.Web.csproj", "{B869EB61-E510-4766-A7DC-2B07020BC7CA}"
EndProject
Project("{FAE04EC0-301F-11D3-BF4B-00C04F79EFBC}") = "Bookify.Domain", "Bookify.Domain\Bookify.Domain.csproj", "{A5B60507-8895-4804-938E-8F00BC987A89}"
EndProject
Project("{FAE04EC0-301F-11D3-BF4B-00C04F79EFBC}") = "Bookify.Application", "Bookify.Application\Bookify.Application.csproj", "{E30F4F90-7E13-42CF-9A3D-597978EEEA8A}"
EndProject
Project("{FAE04EC0-301F-11D3-BF4B-00C04F79EFBC}") = "Bookify.Infrastructure", "Bookify.Infrastructure\Bookify.Infrastructure.csproj", "{D3C41BA8-2E73-4B94-A874-9E2783BE5C69}"
EndProject
Global
	GlobalSection(SolutionConfigurationPlatforms) = preSolution
		Debug|Any CPU = Debug|Any CPU
		Release|Any CPU = Release|Any CPU
	EndGlobalSection
	GlobalSection(ProjectConfigurationPlatforms) = postSolution
		{B869EB61-E510-4766-A7DC-2B07020BC7CA}.Debug|Any CPU.ActiveCfg = Debug|Any CPU
		{B869EB61-E510-4766-A7DC-2B07020BC7CA}.Debug|Any CPU.Build.0 = Debug|Any CPU
		{B869EB61-E510-4766-A7DC-2B07020BC7CA}.Release|Any CPU.ActiveCfg = Release|Any CPU
		{B869EB61-E510-4766-A7DC-2B07020BC7CA}.Release|Any CPU.Build.0 = Release|Any CPU
		{A5B60507-8895-4804-938E-8F00BC987A89}.Debug|Any CPU.ActiveCfg = Debug|Any CPU
		{A5B60507-8895-4804-938E-8F00BC987A89}.Debug|Any CPU.Build.0 = Debug|Any CPU
		{A5B60507-8895-4804-938E-8F00BC987A89}.Release|Any CPU.ActiveCfg = Release|Any CPU
		{A5B60507-8895-4804-938E-8F00BC987A89}.Release|Any CPU.Build.0 = Release|Any CPU
		{E30F4F90-7E13-42CF-9A3D-597978EEEA8A}.Debug|Any CPU.ActiveCfg = Debug|Any CPU
		{E30F4F90-7E13-42CF-9A3D-597978EEEA8A}.Debug|Any CPU.Build.0 = Debug|Any CPU
		{E30F4F90-7E13-42CF-9A3D-597978EEEA8A}.Release|Any CPU.ActiveCfg = Release|Any CPU
		{E30F4F90-7E13-42CF-9A3D-597978EEEA8A}.Release|Any CPU.Build.0 = Release|Any CPU
		{D3C41BA8-2E73-4B94-A874-9E2783BE5C69}.Debug|Any CPU.ActiveCfg = Debug|Any CPU
		{D3C41BA8-2E73-4B94-A874-9E2783BE5C69}.Debug|Any CPU.Build.0 = Debug|Any CPU
		{D3C41BA8-2E73-4B94-A874-9E2783BE5C69}.Release|Any CPU.ActiveCfg = Release|Any CPU
		{D3C41BA8-2E73-4B94-A874-9E2783BE5C69}.Release|Any CPU.Build.0 = Release|Any CPU
	EndGlobalSection
	GlobalSection(SolutionProperties) = preSolution
		HideSolutionNode = FALSE
	EndGlobalSection
	GlobalSection(ExtensibilityGlobals) = postSolution
		SolutionGuid = {87960EB1-0DA8-42F8-A089-02D49D87F85E}
	EndGlobalSection
EndGlobal
